// !$*UTF8*$!
{
	archiveVersion = 1;
	classes = {
	};
	objectVersion = 45;
	objects = {

/* Begin PBXAggregateTarget section */
		CDE712D5117D0B8C0068714C /* Everything */ = {
			isa = PBXAggregateTarget;
			buildConfigurationList = CDE712E3117D0BAA0068714C /* Build configuration list for PBXAggregateTarget "Everything" */;
			buildPhases = (
			);
			dependencies = (
				CDE712D9117D0B900068714C /* PBXTargetDependency */,
				CDE712DB117D0B920068714C /* PBXTargetDependency */,
			);
			name = Everything;
			productName = Everything;
		};
/* End PBXAggregateTarget section */

/* Begin PBXBuildFile section */
		1DDD58160DA1D0A300B32029 /* MainMenu.xib in Resources */ = {isa = PBXBuildFile; fileRef = 1DDD58140DA1D0A300B32029 /* MainMenu.xib */; };
		8D11072B0486CEB800E47090 /* InfoPlist.strings in Resources */ = {isa = PBXBuildFile; fileRef = 089C165CFE840E0CC02AAC07 /* InfoPlist.strings */; };
		8D11072D0486CEB800E47090 /* main.m in Sources */ = {isa = PBXBuildFile; fileRef = 29B97316FDCFA39411CA2CEA /* main.m */; settings = {ATTRIBUTES = (); }; };
		8D11072F0486CEB800E47090 /* Cocoa.framework in Frameworks */ = {isa = PBXBuildFile; fileRef = 1058C7A1FEA54F0111CA2CBB /* Cocoa.framework */; };
		BFCE794D0F590B2900C20648 /* NGConstructionProject.m in Sources */ = {isa = PBXBuildFile; fileRef = BFCE794C0F590B2900C20648 /* NGConstructionProject.m */; };
		BFCE79500F590B3600C20648 /* GCIconTextFieldCell.m in Sources */ = {isa = PBXBuildFile; fileRef = BFCE794E0F590B3600C20648 /* GCIconTextFieldCell.m */; };
		BFCE79690F590D0800C20648 /* NGForemanDelegate.m in Sources */ = {isa = PBXBuildFile; fileRef = BFCE79680F590D0800C20648 /* NGForemanDelegate.m */; };
		CD056F75117916E8004A124F /* ConstructionProject.icns in Resources */ = {isa = PBXBuildFile; fileRef = CD056F74117916E8004A124F /* ConstructionProject.icns */; };
		CD754539117AB9BF007AA930 /* NGXcodeProject.m in Sources */ = {isa = PBXBuildFile; fileRef = CD754538117AB9BF007AA930 /* NGXcodeProject.m */; };
		CD754585117B1D4E007AA930 /* XcodeProject.icns in Resources */ = {isa = PBXBuildFile; fileRef = CD754584117B1D4E007AA930 /* XcodeProject.icns */; };
		CD754667117B474E007AA930 /* Framework.tiff in Resources */ = {isa = PBXBuildFile; fileRef = CD754666117B474E007AA930 /* Framework.tiff */; };
		CD754741117B6934007AA930 /* NGFolderProject.m in Sources */ = {isa = PBXBuildFile; fileRef = CD754740117B6934007AA930 /* NGFolderProject.m */; };
		CD7F58A9117A7F700043F034 /* NGToolbarItem.m in Sources */ = {isa = PBXBuildFile; fileRef = CD7F58A8117A7F700043F034 /* NGToolbarItem.m */; };
		CD7F58DE117A99000043F034 /* NGGroupFolderItem.m in Sources */ = {isa = PBXBuildFile; fileRef = CD7F58DD117A99000043F034 /* NGGroupFolderItem.m */; };
		CD7F591E117A9D0E0043F034 /* NGFileTreeItem.m in Sources */ = {isa = PBXBuildFile; fileRef = CD7F591D117A9D0E0043F034 /* NGFileTreeItem.m */; };
		CD7F59C0117AA3F80043F034 /* Manilla Folder.icns in Resources */ = {isa = PBXBuildFile; fileRef = CD7F59BF117AA3F80043F034 /* Manilla Folder.icns */; };
		CDB4E7E1117BADD7006E2C59 /* Blueprint.icns in Resources */ = {isa = PBXBuildFile; fileRef = CDB4E7E0117BADD7006E2C59 /* Blueprint.icns */; };
		CDB9ED93117744D500ECC047 /* ProjectWindow.xib in Resources */ = {isa = PBXBuildFile; fileRef = CDB9ED92117744D500ECC047 /* ProjectWindow.xib */; };
		CDC21E9D1177A0D400DBB51F /* NGFileItem.m in Sources */ = {isa = PBXBuildFile; fileRef = CDC21E9C1177A0D400DBB51F /* NGFileItem.m */; };
		CDC22244117886F900DBB51F /* Quartz.framework in Frameworks */ = {isa = PBXBuildFile; fileRef = CDC22243117886F900DBB51F /* Quartz.framework */; };
		CDC222BF1178984B00DBB51F /* NGProjectController.m in Sources */ = {isa = PBXBuildFile; fileRef = CDC222BE1178984B00DBB51F /* NGProjectController.m */; };
		CDC224D91178CC0200DBB51F /* NGPanel.m in Sources */ = {isa = PBXBuildFile; fileRef = CDC224D81178CC0200DBB51F /* NGPanel.m */; };
		CDC2250A1178D99700DBB51F /* NGQLOutlineView.m in Sources */ = {isa = PBXBuildFile; fileRef = CDC225091178D99700DBB51F /* NGQLOutlineView.m */; };
		CDE7125D117CF59C0068714C /* SS_PrefsController.m in Sources */ = {isa = PBXBuildFile; fileRef = CDE7125C117CF59C0068714C /* SS_PrefsController.m */; };
		CDE71292117CF9AD0068714C /* General_Prefs.tiff in Resources */ = {isa = PBXBuildFile; fileRef = CDE71291117CF9AD0068714C /* General_Prefs.tiff */; };
		CDE712A1117CFA570068714C /* GeneralPrefs.xib in Resources */ = {isa = PBXBuildFile; fileRef = CDE712A0117CFA570068714C /* GeneralPrefs.xib */; };
		CDE712A5117CFB240068714C /* GeneralPrefsController.m in Sources */ = {isa = PBXBuildFile; fileRef = CDE712A4117CFB240068714C /* GeneralPrefsController.m */; };
		CDE712FD117D12210068714C /* UserDefaults.plist in Resources */ = {isa = PBXBuildFile; fileRef = CDE712FC117D12210068714C /* UserDefaults.plist */; };
/* End PBXBuildFile section */

/* Begin PBXContainerItemProxy section */
		CDE712D3117D0B7D0068714C /* PBXContainerItemProxy */ = {
			isa = PBXContainerItemProxy;
			containerPortal = 29B97313FDCFA39411CA2CEA /* Project object */;
			proxyType = 1;
			remoteGlobalIDString = 8D1107260486CEB800E47090 /* Foreman */;
			remoteInfo = Foreman;
		};
		CDE712D8117D0B900068714C /* PBXContainerItemProxy */ = {
			isa = PBXContainerItemProxy;
			containerPortal = 29B97313FDCFA39411CA2CEA /* Project object */;
			proxyType = 1;
			remoteGlobalIDString = 8D1107260486CEB800E47090 /* Foreman */;
			remoteInfo = Foreman;
		};
		CDE712DA117D0B920068714C /* PBXContainerItemProxy */ = {
			isa = PBXContainerItemProxy;
			containerPortal = 29B97313FDCFA39411CA2CEA /* Project object */;
			proxyType = 1;
			remoteGlobalIDString = CDE71287117CF8AC0068714C /* GeneralPrefs */;
			remoteInfo = GeneralPrefs;
		};
/* End PBXContainerItemProxy section */

/* Begin PBXFileReference section */
		089C165DFE840E0CC02AAC07 /* English */ = {isa = PBXFileReference; fileEncoding = 10; lastKnownFileType = text.plist.strings; name = English; path = English.lproj/InfoPlist.strings; sourceTree = "<group>"; };
		1058C7A1FEA54F0111CA2CBB /* Cocoa.framework */ = {isa = PBXFileReference; lastKnownFileType = wrapper.framework; name = Cocoa.framework; path = /System/Library/Frameworks/Cocoa.framework; sourceTree = "<absolute>"; };
		13E42FB307B3F0F600E4EEF1 /* CoreData.framework */ = {isa = PBXFileReference; lastKnownFileType = wrapper.framework; name = CoreData.framework; path = /System/Library/Frameworks/CoreData.framework; sourceTree = "<absolute>"; };
		1DDD58150DA1D0A300B32029 /* English */ = {isa = PBXFileReference; lastKnownFileType = file.xib; name = English; path = English.lproj/MainMenu.xib; sourceTree = "<group>"; };
		29B97316FDCFA39411CA2CEA /* main.m */ = {isa = PBXFileReference; fileEncoding = 4; lastKnownFileType = sourcecode.c.objc; path = main.m; sourceTree = "<group>"; };
		29B97324FDCFA39411CA2CEA /* AppKit.framework */ = {isa = PBXFileReference; lastKnownFileType = wrapper.framework; name = AppKit.framework; path = /System/Library/Frameworks/AppKit.framework; sourceTree = "<absolute>"; };
		29B97325FDCFA39411CA2CEA /* Foundation.framework */ = {isa = PBXFileReference; lastKnownFileType = wrapper.framework; name = Foundation.framework; path = /System/Library/Frameworks/Foundation.framework; sourceTree = "<absolute>"; };
		8D1107310486CEB800E47090 /* Info.plist */ = {isa = PBXFileReference; fileEncoding = 4; lastKnownFileType = text.plist.xml; path = Info.plist; sourceTree = "<group>"; };
		8D1107320486CEB800E47090 /* Foreman.app */ = {isa = PBXFileReference; explicitFileType = wrapper.application; includeInIndex = 0; path = Foreman.app; sourceTree = BUILT_PRODUCTS_DIR; };
		BFCE794B0F590B2900C20648 /* NGConstructionProject.h */ = {isa = PBXFileReference; fileEncoding = 4; lastKnownFileType = sourcecode.c.h; path = NGConstructionProject.h; sourceTree = "<group>"; };
		BFCE794C0F590B2900C20648 /* NGConstructionProject.m */ = {isa = PBXFileReference; fileEncoding = 4; lastKnownFileType = sourcecode.c.objc; path = NGConstructionProject.m; sourceTree = "<group>"; };
		BFCE794E0F590B3600C20648 /* GCIconTextFieldCell.m */ = {isa = PBXFileReference; fileEncoding = 4; lastKnownFileType = sourcecode.c.objc; path = GCIconTextFieldCell.m; sourceTree = "<group>"; };
		BFCE794F0F590B3600C20648 /* GCIconTextFieldCell.h */ = {isa = PBXFileReference; fileEncoding = 4; lastKnownFileType = sourcecode.c.h; path = GCIconTextFieldCell.h; sourceTree = "<group>"; };
		BFCE79670F590D0800C20648 /* NGForemanDelegate.h */ = {isa = PBXFileReference; fileEncoding = 4; lastKnownFileType = sourcecode.c.h; path = NGForemanDelegate.h; sourceTree = "<group>"; };
		BFCE79680F590D0800C20648 /* NGForemanDelegate.m */ = {isa = PBXFileReference; fileEncoding = 4; lastKnownFileType = sourcecode.c.objc; path = NGForemanDelegate.m; sourceTree = "<group>"; };
		CD056F74117916E8004A124F /* ConstructionProject.icns */ = {isa = PBXFileReference; lastKnownFileType = image.icns; path = ConstructionProject.icns; sourceTree = "<group>"; };
		CD754537117AB9BF007AA930 /* NGXcodeProject.h */ = {isa = PBXFileReference; fileEncoding = 4; lastKnownFileType = sourcecode.c.h; path = NGXcodeProject.h; sourceTree = "<group>"; };
		CD754538117AB9BF007AA930 /* NGXcodeProject.m */ = {isa = PBXFileReference; fileEncoding = 4; lastKnownFileType = sourcecode.c.objc; path = NGXcodeProject.m; sourceTree = "<group>"; };
		CD754584117B1D4E007AA930 /* XcodeProject.icns */ = {isa = PBXFileReference; lastKnownFileType = image.icns; path = XcodeProject.icns; sourceTree = "<group>"; };
		CD754666117B474E007AA930 /* Framework.tiff */ = {isa = PBXFileReference; lastKnownFileType = image.tiff; path = Framework.tiff; sourceTree = "<group>"; };
		CD75473F117B6934007AA930 /* NGFolderProject.h */ = {isa = PBXFileReference; fileEncoding = 4; lastKnownFileType = sourcecode.c.h; path = NGFolderProject.h; sourceTree = "<group>"; };
		CD754740117B6934007AA930 /* NGFolderProject.m */ = {isa = PBXFileReference; fileEncoding = 4; lastKnownFileType = sourcecode.c.objc; path = NGFolderProject.m; sourceTree = "<group>"; };
		CD7F58A7117A7F700043F034 /* NGToolbarItem.h */ = {isa = PBXFileReference; fileEncoding = 4; lastKnownFileType = sourcecode.c.h; path = NGToolbarItem.h; sourceTree = "<group>"; };
		CD7F58A8117A7F700043F034 /* NGToolbarItem.m */ = {isa = PBXFileReference; fileEncoding = 4; lastKnownFileType = sourcecode.c.objc; path = NGToolbarItem.m; sourceTree = "<group>"; };
		CD7F58DC117A99000043F034 /* NGGroupFolderItem.h */ = {isa = PBXFileReference; fileEncoding = 4; lastKnownFileType = sourcecode.c.h; path = NGGroupFolderItem.h; sourceTree = "<group>"; };
		CD7F58DD117A99000043F034 /* NGGroupFolderItem.m */ = {isa = PBXFileReference; fileEncoding = 4; lastKnownFileType = sourcecode.c.objc; path = NGGroupFolderItem.m; sourceTree = "<group>"; };
		CD7F591C117A9D0E0043F034 /* NGFileTreeItem.h */ = {isa = PBXFileReference; fileEncoding = 4; lastKnownFileType = sourcecode.c.h; path = NGFileTreeItem.h; sourceTree = "<group>"; };
		CD7F591D117A9D0E0043F034 /* NGFileTreeItem.m */ = {isa = PBXFileReference; fileEncoding = 4; lastKnownFileType = sourcecode.c.objc; path = NGFileTreeItem.m; sourceTree = "<group>"; };
		CD7F59BF117AA3F80043F034 /* Manilla Folder.icns */ = {isa = PBXFileReference; lastKnownFileType = image.icns; path = "Manilla Folder.icns"; sourceTree = "<group>"; };
		CDB4E7E0117BADD7006E2C59 /* Blueprint.icns */ = {isa = PBXFileReference; lastKnownFileType = image.icns; path = Blueprint.icns; sourceTree = "<group>"; };
		CDB9ED92117744D500ECC047 /* ProjectWindow.xib */ = {isa = PBXFileReference; lastKnownFileType = file.xib; path = ProjectWindow.xib; sourceTree = "<group>"; };
		CDC21E8F11779F9300DBB51F /* Foreman.pch */ = {isa = PBXFileReference; fileEncoding = 4; lastKnownFileType = sourcecode.c.h; path = Foreman.pch; sourceTree = "<group>"; };
		CDC21E9B1177A0D400DBB51F /* NGFileItem.h */ = {isa = PBXFileReference; fileEncoding = 4; lastKnownFileType = sourcecode.c.h; path = NGFileItem.h; sourceTree = "<group>"; };
		CDC21E9C1177A0D400DBB51F /* NGFileItem.m */ = {isa = PBXFileReference; fileEncoding = 4; lastKnownFileType = sourcecode.c.objc; path = NGFileItem.m; sourceTree = "<group>"; };
		CDC22243117886F900DBB51F /* Quartz.framework */ = {isa = PBXFileReference; lastKnownFileType = wrapper.framework; name = Quartz.framework; path = System/Library/Frameworks/Quartz.framework; sourceTree = SDKROOT; };
		CDC222BD1178984B00DBB51F /* NGProjectController.h */ = {isa = PBXFileReference; fileEncoding = 4; lastKnownFileType = sourcecode.c.h; path = NGProjectController.h; sourceTree = "<group>"; };
		CDC222BE1178984B00DBB51F /* NGProjectController.m */ = {isa = PBXFileReference; fileEncoding = 4; lastKnownFileType = sourcecode.c.objc; path = NGProjectController.m; sourceTree = "<group>"; };
		CDC224D71178CC0200DBB51F /* NGPanel.h */ = {isa = PBXFileReference; fileEncoding = 4; lastKnownFileType = sourcecode.c.h; path = NGPanel.h; sourceTree = "<group>"; };
		CDC224D81178CC0200DBB51F /* NGPanel.m */ = {isa = PBXFileReference; fileEncoding = 4; lastKnownFileType = sourcecode.c.objc; path = NGPanel.m; sourceTree = "<group>"; };
		CDC225081178D99700DBB51F /* NGQLOutlineView.h */ = {isa = PBXFileReference; fileEncoding = 4; lastKnownFileType = sourcecode.c.h; path = NGQLOutlineView.h; sourceTree = "<group>"; };
		CDC225091178D99700DBB51F /* NGQLOutlineView.m */ = {isa = PBXFileReference; fileEncoding = 4; lastKnownFileType = sourcecode.c.objc; path = NGQLOutlineView.m; sourceTree = "<group>"; };
		CDE7125A117CF59C0068714C /* SS_PreferencePaneProtocol.h */ = {isa = PBXFileReference; fileEncoding = 4; lastKnownFileType = sourcecode.c.h; path = SS_PreferencePaneProtocol.h; sourceTree = "<group>"; };
		CDE7125B117CF59C0068714C /* SS_PrefsController.h */ = {isa = PBXFileReference; fileEncoding = 4; lastKnownFileType = sourcecode.c.h; path = SS_PrefsController.h; sourceTree = "<group>"; };
		CDE7125C117CF59C0068714C /* SS_PrefsController.m */ = {isa = PBXFileReference; fileEncoding = 4; lastKnownFileType = sourcecode.c.objc; path = SS_PrefsController.m; sourceTree = "<group>"; };
		CDE71288117CF8AC0068714C /* GeneralPrefs.preferencePane */ = {isa = PBXFileReference; explicitFileType = wrapper.cfbundle; includeInIndex = 0; path = GeneralPrefs.preferencePane; sourceTree = BUILT_PRODUCTS_DIR; };
		CDE71289117CF8AC0068714C /* GeneralPrefs-Info.plist */ = {isa = PBXFileReference; lastKnownFileType = text.plist.xml; path = "GeneralPrefs-Info.plist"; sourceTree = "<group>"; };
		CDE71291117CF9AD0068714C /* General_Prefs.tiff */ = {isa = PBXFileReference; lastKnownFileType = image.tiff; path = General_Prefs.tiff; sourceTree = "<group>"; };
		CDE7129D117CFA430068714C /* English */ = {isa = PBXFileReference; lastKnownFileType = file.xib; name = English; path = English.lproj/GeneralPrefs.xib; sourceTree = "<group>"; };
		CDE712A3117CFB240068714C /* GeneralPrefsController.h */ = {isa = PBXFileReference; fileEncoding = 4; lastKnownFileType = sourcecode.c.h; path = GeneralPrefsController.h; sourceTree = "<group>"; };
		CDE712A4117CFB240068714C /* GeneralPrefsController.m */ = {isa = PBXFileReference; fileEncoding = 4; lastKnownFileType = sourcecode.c.objc; path = GeneralPrefsController.m; sourceTree = "<group>"; };
		CDE712FC117D12210068714C /* UserDefaults.plist */ = {isa = PBXFileReference; fileEncoding = 4; lastKnownFileType = text.plist.xml; path = UserDefaults.plist; sourceTree = "<group>"; };
/* End PBXFileReference section */

/* Begin PBXFrameworksBuildPhase section */
		8D11072E0486CEB800E47090 /* Frameworks */ = {
			isa = PBXFrameworksBuildPhase;
			buildActionMask = 2147483647;
			files = (
				8D11072F0486CEB800E47090 /* Cocoa.framework in Frameworks */,
				CDC22244117886F900DBB51F /* Quartz.framework in Frameworks */,
			);
			runOnlyForDeploymentPostprocessing = 0;
		};
		CDE71286117CF8AC0068714C /* Frameworks */ = {
			isa = PBXFrameworksBuildPhase;
			buildActionMask = 2147483647;
			files = (
			);
			runOnlyForDeploymentPostprocessing = 0;
		};
/* End PBXFrameworksBuildPhase section */

/* Begin PBXGroup section */
		080E96DDFE201D6D7F000001 /* Classes */ = {
			isa = PBXGroup;
			children = (
				CD754555117B1B74007AA930 /* Document types */,
				CD754554117B1B5E007AA930 /* Helper subclasses */,
				CD754553117B1B41007AA930 /* File Tree */,
				BFCE79670F590D0800C20648 /* NGForemanDelegate.h */,
				BFCE79680F590D0800C20648 /* NGForemanDelegate.m */,
				CDC222BD1178984B00DBB51F /* NGProjectController.h */,
				CDC222BE1178984B00DBB51F /* NGProjectController.m */,
				CDE7125A117CF59C0068714C /* SS_PreferencePaneProtocol.h */,
				CDE7125B117CF59C0068714C /* SS_PrefsController.h */,
				CDE7125C117CF59C0068714C /* SS_PrefsController.m */,
			);
			name = Classes;
			sourceTree = "<group>";
		};
		1058C7A0FEA54F0111CA2CBB /* Linked Frameworks */ = {
			isa = PBXGroup;
			children = (
				1058C7A1FEA54F0111CA2CBB /* Cocoa.framework */,
				CDC22243117886F900DBB51F /* Quartz.framework */,
			);
			name = "Linked Frameworks";
			sourceTree = "<group>";
		};
		1058C7A2FEA54F0111CA2CBB /* Other Frameworks */ = {
			isa = PBXGroup;
			children = (
				29B97324FDCFA39411CA2CEA /* AppKit.framework */,
				13E42FB307B3F0F600E4EEF1 /* CoreData.framework */,
				29B97325FDCFA39411CA2CEA /* Foundation.framework */,
			);
			name = "Other Frameworks";
			sourceTree = "<group>";
		};
		19C28FACFE9D520D11CA2CBB /* Products */ = {
			isa = PBXGroup;
			children = (
				8D1107320486CEB800E47090 /* Foreman.app */,
				CDE71288117CF8AC0068714C /* GeneralPrefs.preferencePane */,
			);
			name = Products;
			sourceTree = "<group>";
		};
		29B97314FDCFA39411CA2CEA /* GCFolderBrowser */ = {
			isa = PBXGroup;
			children = (
				080E96DDFE201D6D7F000001 /* Classes */,
				29B97315FDCFA39411CA2CEA /* Other Sources */,
				29B97317FDCFA39411CA2CEA /* Resources */,
				29B97323FDCFA39411CA2CEA /* Frameworks */,
				19C28FACFE9D520D11CA2CBB /* Products */,
				CDE71282117CF88F0068714C /* Preference Panes */,
			);
			name = GCFolderBrowser;
			sourceTree = "<group>";
		};
		29B97315FDCFA39411CA2CEA /* Other Sources */ = {
			isa = PBXGroup;
			children = (
				29B97316FDCFA39411CA2CEA /* main.m */,
				CDC21E8F11779F9300DBB51F /* Foreman.pch */,
			);
			name = "Other Sources";
			sourceTree = "<group>";
		};
		29B97317FDCFA39411CA2CEA /* Resources */ = {
			isa = PBXGroup;
			children = (
				CDB4E7E0117BADD7006E2C59 /* Blueprint.icns */,
				CD754666117B474E007AA930 /* Framework.tiff */,
				CD754584117B1D4E007AA930 /* XcodeProject.icns */,
				CD7F59BF117AA3F80043F034 /* Manilla Folder.icns */,
				CD056F74117916E8004A124F /* ConstructionProject.icns */,
				8D1107310486CEB800E47090 /* Info.plist */,
				089C165CFE840E0CC02AAC07 /* InfoPlist.strings */,
				1DDD58140DA1D0A300B32029 /* MainMenu.xib */,
				CDB9ED92117744D500ECC047 /* ProjectWindow.xib */,
				CDE712FC117D12210068714C /* UserDefaults.plist */,
			);
			name = Resources;
			sourceTree = "<group>";
		};
		29B97323FDCFA39411CA2CEA /* Frameworks */ = {
			isa = PBXGroup;
			children = (
				1058C7A0FEA54F0111CA2CBB /* Linked Frameworks */,
				1058C7A2FEA54F0111CA2CBB /* Other Frameworks */,
			);
			name = Frameworks;
			sourceTree = "<group>";
		};
		CD754553117B1B41007AA930 /* File Tree */ = {
			isa = PBXGroup;
			children = (
				CDC21E9B1177A0D400DBB51F /* NGFileItem.h */,
				CDC21E9C1177A0D400DBB51F /* NGFileItem.m */,
				CD7F58DC117A99000043F034 /* NGGroupFolderItem.h */,
				CD7F58DD117A99000043F034 /* NGGroupFolderItem.m */,
				CD7F591C117A9D0E0043F034 /* NGFileTreeItem.h */,
				CD7F591D117A9D0E0043F034 /* NGFileTreeItem.m */,
			);
			name = "File Tree";
			sourceTree = "<group>";
		};
		CD754554117B1B5E007AA930 /* Helper subclasses */ = {
			isa = PBXGroup;
			children = (
				BFCE794E0F590B3600C20648 /* GCIconTextFieldCell.m */,
				BFCE794F0F590B3600C20648 /* GCIconTextFieldCell.h */,
				CDC224D71178CC0200DBB51F /* NGPanel.h */,
				CDC224D81178CC0200DBB51F /* NGPanel.m */,
				CDC225081178D99700DBB51F /* NGQLOutlineView.h */,
				CDC225091178D99700DBB51F /* NGQLOutlineView.m */,
				CD7F58A7117A7F700043F034 /* NGToolbarItem.h */,
				CD7F58A8117A7F700043F034 /* NGToolbarItem.m */,
			);
			name = "Helper subclasses";
			sourceTree = "<group>";
		};
		CD754555117B1B74007AA930 /* Document types */ = {
			isa = PBXGroup;
			children = (
				BFCE794B0F590B2900C20648 /* NGConstructionProject.h */,
				BFCE794C0F590B2900C20648 /* NGConstructionProject.m */,
				CD754537117AB9BF007AA930 /* NGXcodeProject.h */,
				CD754538117AB9BF007AA930 /* NGXcodeProject.m */,
				CD75473F117B6934007AA930 /* NGFolderProject.h */,
				CD754740117B6934007AA930 /* NGFolderProject.m */,
			);
			name = "Document types";
			sourceTree = "<group>";
		};
		CDE71282117CF88F0068714C /* Preference Panes */ = {
			isa = PBXGroup;
			children = (
				CDE71283117CF8970068714C /* General */,
			);
			name = "Preference Panes";
			sourceTree = "<group>";
		};
		CDE71283117CF8970068714C /* General */ = {
			isa = PBXGroup;
			children = (
				CDE71291117CF9AD0068714C /* General_Prefs.tiff */,
				CDE71289117CF8AC0068714C /* GeneralPrefs-Info.plist */,
				CDE712A0117CFA570068714C /* GeneralPrefs.xib */,
				CDE712A3117CFB240068714C /* GeneralPrefsController.h */,
				CDE712A4117CFB240068714C /* GeneralPrefsController.m */,
			);
			name = General;
			sourceTree = "<group>";
		};
/* End PBXGroup section */

/* Begin PBXNativeTarget section */
		8D1107260486CEB800E47090 /* Foreman */ = {
			isa = PBXNativeTarget;
			buildConfigurationList = C01FCF4A08A954540054247B /* Build configuration list for PBXNativeTarget "Foreman" */;
			buildPhases = (
				8D1107290486CEB800E47090 /* Resources */,
				8D11072C0486CEB800E47090 /* Sources */,
				8D11072E0486CEB800E47090 /* Frameworks */,
			);
			buildRules = (
			);
			dependencies = (
			);
			name = Foreman;
			productInstallPath = "$(HOME)/Applications";
			productName = GCDrawKit;
			productReference = 8D1107320486CEB800E47090 /* Foreman.app */;
			productType = "com.apple.product-type.application";
		};
		CDE71287117CF8AC0068714C /* GeneralPrefs */ = {
			isa = PBXNativeTarget;
			buildConfigurationList = CDE7128C117CF8AD0068714C /* Build configuration list for PBXNativeTarget "GeneralPrefs" */;
			buildPhases = (
				CDE71284117CF8AC0068714C /* Resources */,
				CDE71285117CF8AC0068714C /* Sources */,
				CDE71286117CF8AC0068714C /* Frameworks */,
				CDE712C0117D09DA0068714C /* ShellScript */,
			);
			buildRules = (
			);
			dependencies = (
				CDE712D4117D0B7D0068714C /* PBXTargetDependency */,
			);
			name = GeneralPrefs;
			productName = GeneralPrefs;
			productReference = CDE71288117CF8AC0068714C /* GeneralPrefs.preferencePane */;
			productType = "com.apple.product-type.bundle";
		};
/* End PBXNativeTarget section */

/* Begin PBXProject section */
		29B97313FDCFA39411CA2CEA /* Project object */ = {
			isa = PBXProject;
			attributes = {
				ORGANIZATIONNAME = Nexgenta;
			};
			buildConfigurationList = C01FCF4E08A954540054247B /* Build configuration list for PBXProject "Foreman" */;
			compatibilityVersion = "Xcode 3.1";
			hasScannedForEncodings = 1;
			mainGroup = 29B97314FDCFA39411CA2CEA /* GCFolderBrowser */;
			projectDirPath = "";
			projectRoot = "";
			targets = (
				8D1107260486CEB800E47090 /* Foreman */,
				CDE71287117CF8AC0068714C /* GeneralPrefs */,
				CDE712D5117D0B8C0068714C /* Everything */,
			);
		};
/* End PBXProject section */

/* Begin PBXResourcesBuildPhase section */
		8D1107290486CEB800E47090 /* Resources */ = {
			isa = PBXResourcesBuildPhase;
			buildActionMask = 2147483647;
			files = (
				8D11072B0486CEB800E47090 /* InfoPlist.strings in Resources */,
				1DDD58160DA1D0A300B32029 /* MainMenu.xib in Resources */,
				CDB9ED93117744D500ECC047 /* ProjectWindow.xib in Resources */,
				CD056F75117916E8004A124F /* ConstructionProject.icns in Resources */,
				CD7F59C0117AA3F80043F034 /* Manilla Folder.icns in Resources */,
				CD754585117B1D4E007AA930 /* XcodeProject.icns in Resources */,
				CD754667117B474E007AA930 /* Framework.tiff in Resources */,
				CDB4E7E1117BADD7006E2C59 /* Blueprint.icns in Resources */,
				CDE712FD117D12210068714C /* UserDefaults.plist in Resources */,
			);
			runOnlyForDeploymentPostprocessing = 0;
		};
		CDE71284117CF8AC0068714C /* Resources */ = {
			isa = PBXResourcesBuildPhase;
			buildActionMask = 2147483647;
			files = (
				CDE71292117CF9AD0068714C /* General_Prefs.tiff in Resources */,
				CDE712A1117CFA570068714C /* GeneralPrefs.xib in Resources */,
			);
			runOnlyForDeploymentPostprocessing = 0;
		};
/* End PBXResourcesBuildPhase section */

/* Begin PBXShellScriptBuildPhase section */
		CDE712C0117D09DA0068714C /* ShellScript */ = {
			isa = PBXShellScriptBuildPhase;
			buildActionMask = 2147483647;
			files = (
			);
			inputPaths = (
			);
			outputPaths = (
			);
			runOnlyForDeploymentPostprocessing = 0;
			shellPath = /bin/sh;
			shellScript = "set -x\ntest -d ${BUILD_DIR}/${BUILD_STYLE}/${APP_WRAPPER_NAME}/Contents/PlugIns || mkdir ${BUILD_DIR}/${BUILD_STYLE}/${APP_WRAPPER_NAME}/Contents/PlugIns\nrm -rf ${BUILD_DIR}/${BUILD_STYLE}/${APP_WRAPPER_NAME}/Contents/PlugIns/${WRAPPER_NAME}\nexec cp -r ${BUILD_DIR}/${BUILD_STYLE}/${WRAPPER_NAME} ${BUILD_DIR}/${BUILD_STYLE}/${APP_WRAPPER_NAME}/Contents/PlugIns/${WRAPPER_NAME}";
			showEnvVarsInLog = 0;
		};
/* End PBXShellScriptBuildPhase section */

/* Begin PBXSourcesBuildPhase section */
		8D11072C0486CEB800E47090 /* Sources */ = {
			isa = PBXSourcesBuildPhase;
			buildActionMask = 2147483647;
			files = (
				8D11072D0486CEB800E47090 /* main.m in Sources */,
				BFCE794D0F590B2900C20648 /* NGConstructionProject.m in Sources */,
				BFCE79500F590B3600C20648 /* GCIconTextFieldCell.m in Sources */,
				BFCE79690F590D0800C20648 /* NGForemanDelegate.m in Sources */,
				CDC21E9D1177A0D400DBB51F /* NGFileItem.m in Sources */,
				CDC222BF1178984B00DBB51F /* NGProjectController.m in Sources */,
				CDC224D91178CC0200DBB51F /* NGPanel.m in Sources */,
				CDC2250A1178D99700DBB51F /* NGQLOutlineView.m in Sources */,
				CD7F58A9117A7F700043F034 /* NGToolbarItem.m in Sources */,
				CD7F58DE117A99000043F034 /* NGGroupFolderItem.m in Sources */,
				CD7F591E117A9D0E0043F034 /* NGFileTreeItem.m in Sources */,
				CD754539117AB9BF007AA930 /* NGXcodeProject.m in Sources */,
				CD754741117B6934007AA930 /* NGFolderProject.m in Sources */,
				CDE7125D117CF59C0068714C /* SS_PrefsController.m in Sources */,
			);
			runOnlyForDeploymentPostprocessing = 0;
		};
		CDE71285117CF8AC0068714C /* Sources */ = {
			isa = PBXSourcesBuildPhase;
			buildActionMask = 2147483647;
			files = (
				CDE712A5117CFB240068714C /* GeneralPrefsController.m in Sources */,
			);
			runOnlyForDeploymentPostprocessing = 0;
		};
/* End PBXSourcesBuildPhase section */

/* Begin PBXTargetDependency section */
		CDE712D4117D0B7D0068714C /* PBXTargetDependency */ = {
			isa = PBXTargetDependency;
			target = 8D1107260486CEB800E47090 /* Foreman */;
			targetProxy = CDE712D3117D0B7D0068714C /* PBXContainerItemProxy */;
		};
		CDE712D9117D0B900068714C /* PBXTargetDependency */ = {
			isa = PBXTargetDependency;
			target = 8D1107260486CEB800E47090 /* Foreman */;
			targetProxy = CDE712D8117D0B900068714C /* PBXContainerItemProxy */;
		};
		CDE712DB117D0B920068714C /* PBXTargetDependency */ = {
			isa = PBXTargetDependency;
			target = CDE71287117CF8AC0068714C /* GeneralPrefs */;
			targetProxy = CDE712DA117D0B920068714C /* PBXContainerItemProxy */;
		};
/* End PBXTargetDependency section */

/* Begin PBXVariantGroup section */
		089C165CFE840E0CC02AAC07 /* InfoPlist.strings */ = {
			isa = PBXVariantGroup;
			children = (
				089C165DFE840E0CC02AAC07 /* English */,
			);
			name = InfoPlist.strings;
			sourceTree = "<group>";
		};
		1DDD58140DA1D0A300B32029 /* MainMenu.xib */ = {
			isa = PBXVariantGroup;
			children = (
				1DDD58150DA1D0A300B32029 /* English */,
			);
			name = MainMenu.xib;
			sourceTree = "<group>";
		};
		CDE712A0117CFA570068714C /* GeneralPrefs.xib */ = {
			isa = PBXVariantGroup;
			children = (
				CDE7129D117CFA430068714C /* English */,
			);
			name = GeneralPrefs.xib;
			sourceTree = "<group>";
		};
/* End PBXVariantGroup section */

/* Begin XCBuildConfiguration section */
		C01FCF4B08A954540054247B /* Debug */ = {
			isa = XCBuildConfiguration;
			buildSettings = {
				ALWAYS_SEARCH_USER_PATHS = NO;
				COPY_PHASE_STRIP = NO;
				GCC_DYNAMIC_NO_PIC = NO;
				GCC_ENABLE_FIX_AND_CONTINUE = YES;
				GCC_MODEL_TUNING = G5;
				GCC_OPTIMIZATION_LEVEL = 0;
				INFOPLIST_FILE = Info.plist;
				INSTALL_PATH = "$(HOME)/Applications";
				PRODUCT_NAME = Foreman;
			};
			name = Debug;
		};
		C01FCF4C08A954540054247B /* Release */ = {
			isa = XCBuildConfiguration;
			buildSettings = {
				ALWAYS_SEARCH_USER_PATHS = NO;
				DEBUG_INFORMATION_FORMAT = "dwarf-with-dsym";
				GCC_MODEL_TUNING = G5;
				INFOPLIST_FILE = Info.plist;
				INSTALL_PATH = "$(HOME)/Applications";
				PRODUCT_NAME = Foreman;
			};
			name = Release;
		};
		C01FCF4F08A954540054247B /* Debug */ = {
			isa = XCBuildConfiguration;
			buildSettings = {
				APP_WRAPPER_NAME = Foreman.app;
				ARCHS = "$(ARCHS_STANDARD_32_64_BIT)";
				GCC_C_LANGUAGE_STANDARD = c99;
				GCC_OPTIMIZATION_LEVEL = 0;
				GCC_PRECOMPILE_PREFIX_HEADER = YES;
				GCC_PREFIX_HEADER = Foreman.pch;
				GCC_WARN_ABOUT_RETURN_TYPE = YES;
				GCC_WARN_UNUSED_VARIABLE = YES;
				ONLY_ACTIVE_ARCH = YES;
				PREBINDING = NO;
				PRECOMPS_INCLUDE_HEADERS_FROM_BUILT_PRODUCTS_DIR = NO;
				SDKROOT = macosx10.6;
			};
			name = Debug;
		};
		C01FCF5008A954540054247B /* Release */ = {
			isa = XCBuildConfiguration;
			buildSettings = {
				APP_WRAPPER_NAME = Foreman.app;
				ARCHS = "$(ARCHS_STANDARD_32_64_BIT)";
				GCC_C_LANGUAGE_STANDARD = c99;
				GCC_PRECOMPILE_PREFIX_HEADER = YES;
				GCC_PREFIX_HEADER = Foreman.pch;
				GCC_WARN_ABOUT_RETURN_TYPE = YES;
				GCC_WARN_UNUSED_VARIABLE = YES;
				PREBINDING = NO;
				PRECOMPS_INCLUDE_HEADERS_FROM_BUILT_PRODUCTS_DIR = NO;
				SDKROOT = macosx10.6;
			};
			name = Release;
		};
		CDE7128A117CF8AC0068714C /* Debug */ = {
			isa = XCBuildConfiguration;
			buildSettings = {
				ALWAYS_SEARCH_USER_PATHS = NO;
				COPY_PHASE_STRIP = NO;
				GCC_DYNAMIC_NO_PIC = NO;
				GCC_ENABLE_FIX_AND_CONTINUE = YES;
				GCC_MODEL_TUNING = G5;
				GCC_OPTIMIZATION_LEVEL = 0;
				GCC_PRECOMPILE_PREFIX_HEADER = YES;
				GCC_PREFIX_HEADER = "$(SYSTEM_LIBRARY_DIR)/Frameworks/AppKit.framework/Headers/AppKit.h";
				INFOPLIST_FILE = "GeneralPrefs-Info.plist";
				INSTALL_PATH = "$(HOME)/Library/Bundles";
				OTHER_LDFLAGS = (
					"-framework",
					Foundation,
					"-framework",
					AppKit,
				);
				PREBINDING = NO;
				PRODUCT_NAME = GeneralPrefs;
				WRAPPER_EXTENSION = preferencePane;
			};
			name = Debug;
		};
		CDE7128B117CF8AC0068714C /* Release */ = {
			isa = XCBuildConfiguration;
			buildSettings = {
				ALWAYS_SEARCH_USER_PATHS = NO;
				COPY_PHASE_STRIP = YES;
				DEBUG_INFORMATION_FORMAT = "dwarf-with-dsym";
				GCC_ENABLE_FIX_AND_CONTINUE = NO;
				GCC_MODEL_TUNING = G5;
				GCC_PRECOMPILE_PREFIX_HEADER = YES;
				GCC_PREFIX_HEADER = "$(SYSTEM_LIBRARY_DIR)/Frameworks/AppKit.framework/Headers/AppKit.h";
				INFOPLIST_FILE = "GeneralPrefs-Info.plist";
				INSTALL_PATH = "$(HOME)/Library/Bundles";
				OTHER_LDFLAGS = (
					"-framework",
					Foundation,
					"-framework",
					AppKit,
				);
				PREBINDING = NO;
				PRODUCT_NAME = GeneralPrefs;
				WRAPPER_EXTENSION = preferencePane;
				ZERO_LINK = NO;
			};
			name = Release;
		};
		CDE712D6117D0B8C0068714C /* Debug */ = {
			isa = XCBuildConfiguration;
			buildSettings = {
				COPY_PHASE_STRIP = NO;
				GCC_DYNAMIC_NO_PIC = NO;
				GCC_OPTIMIZATION_LEVEL = 0;
				PRODUCT_NAME = Everything;
			};
			name = Debug;
		};
		CDE712D7117D0B8C0068714C /* Release */ = {
			isa = XCBuildConfiguration;
			buildSettings = {
				COPY_PHASE_STRIP = YES;
				DEBUG_INFORMATION_FORMAT = "dwarf-with-dsym";
				GCC_ENABLE_FIX_AND_CONTINUE = NO;
				PRODUCT_NAME = Everything;
				ZERO_LINK = NO;
			};
			name = Release;
		};
/* End XCBuildConfiguration section */

/* Begin XCConfigurationList section */
		C01FCF4A08A954540054247B /* Build configuration list for PBXNativeTarget "Foreman" */ = {
			isa = XCConfigurationList;
			buildConfigurations = (
				C01FCF4B08A954540054247B /* Debug */,
				C01FCF4C08A954540054247B /* Release */,
			);
			defaultConfigurationIsVisible = 0;
			defaultConfigurationName = Release;
		};
		C01FCF4E08A954540054247B /* Build configuration list for PBXProject "Foreman" */ = {
			isa = XCConfigurationList;
			buildConfigurations = (
				C01FCF4F08A954540054247B /* Debug */,
				C01FCF5008A954540054247B /* Release */,
			);
			defaultConfigurationIsVisible = 0;
			defaultConfigurationName = Release;
		};
		CDE7128C117CF8AD0068714C /* Build configuration list for PBXNativeTarget "GeneralPrefs" */ = {
			isa = XCConfigurationList;
			buildConfigurations = (
				CDE7128A117CF8AC0068714C /* Debug */,
				CDE7128B117CF8AC0068714C /* Release */,
			);
			defaultConfigurationIsVisible = 0;
			defaultConfigurationName = Release;
		};
		CDE712E3117D0BAA0068714C /* Build configuration list for PBXAggregateTarget "Everything" */ = {
			isa = XCConfigurationList;
			buildConfigurations = (
				CDE712D6117D0B8C0068714C /* Debug */,
				CDE712D7117D0B8C0068714C /* Release */,
			);
			defaultConfigurationIsVisible = 0;
			defaultConfigurationName = Release;
		};
/* End XCConfigurationList section */
	};
	rootObject = 29B97313FDCFA39411CA2CEA /* Project object */;
}
